
Microsoft Visual Studio Solution File, Format Version 12.00
# Visual Studio Version 16
VisualStudioVersion = 16.0.31424.327
MinimumVisualStudioVersion = 10.0.40219.1
Project("{FAE04EC0-301F-11D3-BF4B-00C04F79EFBC}") = "crop_semi_colon", "crop_semi_colon\crop_semi_colon.csproj", "{A89DB6E8-0FAD-4F59-A644-F2A4CCEA71EA}"
EndProject
Global
	GlobalSection(SolutionConfigurationPlatforms) = preSolution
		Debug|Any CPU = Debug|Any CPU
		Release|Any CPU = Release|Any CPU
	EndGlobalSection
	GlobalSection(ProjectConfigurationPlatforms) = postSolution
		{A89DB6E8-0FAD-4F59-A644-F2A4CCEA71EA}.Debug|Any CPU.ActiveCfg = Debug|Any CPU
		{A89DB6E8-0FAD-4F59-A644-F2A4CCEA71EA}.Debug|Any CPU.Build.0 = Debug|Any CPU
		{A89DB6E8-0FAD-4F59-A644-F2A4CCEA71EA}.Release|Any CPU.ActiveCfg = Release|Any CPU
		{A89DB6E8-0FAD-4F59-A644-F2A4CCEA71EA}.Release|Any CPU.Build.0 = Release|Any CPU
	EndGlobalSection
	GlobalSection(SolutionProperties) = preSolution
		HideSolutionNode = FALSE
	EndGlobalSection
	GlobalSection(ExtensibilityGlobals) = postSolution
		SolutionGuid = {B91B6FE6-194C-4255-8E36-6F74CCB49DC8}
	EndGlobalSection
EndGlobal
